// !$*UTF8*$!
{
	archiveVersion = 1;
	classes = {
	};
	objectVersion = 46;
	objects = {

/* Begin PBXBuildFile section */
		715E939A1EB21D1F006B6B4C /* FlightViewController.swift in Sources */ = {isa = PBXBuildFile; fileRef = 715E93991EB21D1F006B6B4C /* FlightViewController.swift */; };
		715E939C1EB228C0006B6B4C /* WebKitViewController.swift in Sources */ = {isa = PBXBuildFile; fileRef = 715E939B1EB228C0006B6B4C /* WebKitViewController.swift */; };
		7160ED271EAFF1A800812E58 /* CustomPointAnnotation.swift in Sources */ = {isa = PBXBuildFile; fileRef = 7160ED261EAFF1A800812E58 /* CustomPointAnnotation.swift */; };
		7195C3421EB183E6003101B3 /* FlightTableViewCell.swift in Sources */ = {isa = PBXBuildFile; fileRef = 7195C3411EB183E6003101B3 /* FlightTableViewCell.swift */; };
		7195C3441EB1847A003101B3 /* Flight.swift in Sources */ = {isa = PBXBuildFile; fileRef = 7195C3431EB1847A003101B3 /* Flight.swift */; };
		7195C3461EB1B5FA003101B3 /* FindFlightViewController.swift in Sources */ = {isa = PBXBuildFile; fileRef = 7195C3451EB1B5FA003101B3 /* FindFlightViewController.swift */; };
		7195C3481EB1C545003101B3 /* FlightTableViewController.swift in Sources */ = {isa = PBXBuildFile; fileRef = 7195C3471EB1C545003101B3 /* FlightTableViewController.swift */; };
		7195C34C1EB1E84F003101B3 /* FlightData.swift in Sources */ = {isa = PBXBuildFile; fileRef = 7195C34B1EB1E84F003101B3 /* FlightData.swift */; };
		7195C34E1EB1F164003101B3 /* FlightSpecs.swift in Sources */ = {isa = PBXBuildFile; fileRef = 7195C34D1EB1F164003101B3 /* FlightSpecs.swift */; };
		7195C3501EB1FEA6003101B3 /* Layover.swift in Sources */ = {isa = PBXBuildFile; fileRef = 7195C34F1EB1FEA6003101B3 /* Layover.swift */; };
		71F23C5F1EA7FF50007C95B2 /* AppDelegate.swift in Sources */ = {isa = PBXBuildFile; fileRef = 71F23C5E1EA7FF50007C95B2 /* AppDelegate.swift */; };
		71F23C611EA7FF50007C95B2 /* ViewController.swift in Sources */ = {isa = PBXBuildFile; fileRef = 71F23C601EA7FF50007C95B2 /* ViewController.swift */; };
		71F23C641EA7FF50007C95B2 /* Main.storyboard in Resources */ = {isa = PBXBuildFile; fileRef = 71F23C621EA7FF50007C95B2 /* Main.storyboard */; };
		71F23C661EA7FF50007C95B2 /* Assets.xcassets in Resources */ = {isa = PBXBuildFile; fileRef = 71F23C651EA7FF50007C95B2 /* Assets.xcassets */; };
		71F23C691EA7FF50007C95B2 /* LaunchScreen.storyboard in Resources */ = {isa = PBXBuildFile; fileRef = 71F23C671EA7FF50007C95B2 /* LaunchScreen.storyboard */; };
		71F23C721EA80C9D007C95B2 /* Network Manager.swift in Sources */ = {isa = PBXBuildFile; fileRef = 71F23C711EA80C9D007C95B2 /* Network Manager.swift */; };
		71F23C751EA90B07007C95B2 /* AirportData.swift in Sources */ = {isa = PBXBuildFile; fileRef = 71F23C741EA90B07007C95B2 /* AirportData.swift */; };
		71F23C771EA90B1F007C95B2 /* Airport.swift in Sources */ = {isa = PBXBuildFile; fileRef = 71F23C761EA90B1F007C95B2 /* Airport.swift */; };
/* End PBXBuildFile section */

/* Begin PBXFileReference section */
		715E93991EB21D1F006B6B4C /* FlightViewController.swift */ = {isa = PBXFileReference; fileEncoding = 4; lastKnownFileType = sourcecode.swift; path = FlightViewController.swift; sourceTree = "<group>"; };
		715E939B1EB228C0006B6B4C /* WebKitViewController.swift */ = {isa = PBXFileReference; fileEncoding = 4; lastKnownFileType = sourcecode.swift; path = WebKitViewController.swift; sourceTree = "<group>"; };
		7160ED261EAFF1A800812E58 /* CustomPointAnnotation.swift */ = {isa = PBXFileReference; fileEncoding = 4; lastKnownFileType = sourcecode.swift; path = CustomPointAnnotation.swift; sourceTree = "<group>"; };
		7195C3411EB183E6003101B3 /* FlightTableViewCell.swift */ = {isa = PBXFileReference; fileEncoding = 4; lastKnownFileType = sourcecode.swift; path = FlightTableViewCell.swift; sourceTree = "<group>"; };
		7195C3431EB1847A003101B3 /* Flight.swift */ = {isa = PBXFileReference; fileEncoding = 4; lastKnownFileType = sourcecode.swift; path = Flight.swift; sourceTree = "<group>"; };
		7195C3451EB1B5FA003101B3 /* FindFlightViewController.swift */ = {isa = PBXFileReference; fileEncoding = 4; lastKnownFileType = sourcecode.swift; path = FindFlightViewController.swift; sourceTree = "<group>"; };
		7195C3471EB1C545003101B3 /* FlightTableViewController.swift */ = {isa = PBXFileReference; fileEncoding = 4; lastKnownFileType = sourcecode.swift; path = FlightTableViewController.swift; sourceTree = "<group>"; };
		7195C34B1EB1E84F003101B3 /* FlightData.swift */ = {isa = PBXFileReference; fileEncoding = 4; lastKnownFileType = sourcecode.swift; path = FlightData.swift; sourceTree = "<group>"; };
		7195C34D1EB1F164003101B3 /* FlightSpecs.swift */ = {isa = PBXFileReference; fileEncoding = 4; lastKnownFileType = sourcecode.swift; path = FlightSpecs.swift; sourceTree = "<group>"; };
		7195C34F1EB1FEA6003101B3 /* Layover.swift */ = {isa = PBXFileReference; fileEncoding = 4; lastKnownFileType = sourcecode.swift; path = Layover.swift; sourceTree = "<group>"; };
		71F23C5B1EA7FF50007C95B2 /* Atlantis.app */ = {isa = PBXFileReference; explicitFileType = wrapper.application; includeInIndex = 0; path = Atlantis.app; sourceTree = BUILT_PRODUCTS_DIR; };
		71F23C5E1EA7FF50007C95B2 /* AppDelegate.swift */ = {isa = PBXFileReference; lastKnownFileType = sourcecode.swift; path = AppDelegate.swift; sourceTree = "<group>"; };
		71F23C601EA7FF50007C95B2 /* ViewController.swift */ = {isa = PBXFileReference; lastKnownFileType = sourcecode.swift; path = ViewController.swift; sourceTree = "<group>"; };
		71F23C631EA7FF50007C95B2 /* Base */ = {isa = PBXFileReference; lastKnownFileType = file.storyboard; name = Base; path = Base.lproj/Main.storyboard; sourceTree = "<group>"; };
		71F23C651EA7FF50007C95B2 /* Assets.xcassets */ = {isa = PBXFileReference; lastKnownFileType = folder.assetcatalog; path = Assets.xcassets; sourceTree = "<group>"; };
		71F23C681EA7FF50007C95B2 /* Base */ = {isa = PBXFileReference; lastKnownFileType = file.storyboard; name = Base; path = Base.lproj/LaunchScreen.storyboard; sourceTree = "<group>"; };
		71F23C6A1EA7FF50007C95B2 /* Info.plist */ = {isa = PBXFileReference; lastKnownFileType = text.plist.xml; path = Info.plist; sourceTree = "<group>"; };
		71F23C711EA80C9D007C95B2 /* Network Manager.swift */ = {isa = PBXFileReference; fileEncoding = 4; lastKnownFileType = sourcecode.swift; path = "Network Manager.swift"; sourceTree = "<group>"; };
		71F23C741EA90B07007C95B2 /* AirportData.swift */ = {isa = PBXFileReference; fileEncoding = 4; lastKnownFileType = sourcecode.swift; path = AirportData.swift; sourceTree = "<group>"; };
		71F23C761EA90B1F007C95B2 /* Airport.swift */ = {isa = PBXFileReference; fileEncoding = 4; lastKnownFileType = sourcecode.swift; path = Airport.swift; sourceTree = "<group>"; };
/* End PBXFileReference section */

/* Begin PBXFrameworksBuildPhase section */
		71F23C581EA7FF50007C95B2 /* Frameworks */ = {
			isa = PBXFrameworksBuildPhase;
			buildActionMask = 2147483647;
			files = (
			);
			runOnlyForDeploymentPostprocessing = 0;
		};
/* End PBXFrameworksBuildPhase section */

/* Begin PBXGroup section */
		71F23C521EA7FF50007C95B2 = {
			isa = PBXGroup;
			children = (
				71F23C5D1EA7FF50007C95B2 /* Atlantis */,
				71F23C5C1EA7FF50007C95B2 /* Products */,
			);
			sourceTree = "<group>";
		};
		71F23C5C1EA7FF50007C95B2 /* Products */ = {
			isa = PBXGroup;
			children = (
				71F23C5B1EA7FF50007C95B2 /* Atlantis.app */,
			);
			name = Products;
			sourceTree = "<group>";
		};
		71F23C5D1EA7FF50007C95B2 /* Atlantis */ = {
			isa = PBXGroup;
			children = (
				71F23C7A1EA9115B007C95B2 /* Classes */,
				71F23C731EA90A91007C95B2 /* ViewControllers */,
				71F23C701EA80C8C007C95B2 /* Model */,
				71F23C5E1EA7FF50007C95B2 /* AppDelegate.swift */,
				71F23C621EA7FF50007C95B2 /* Main.storyboard */,
				71F23C651EA7FF50007C95B2 /* Assets.xcassets */,
				71F23C671EA7FF50007C95B2 /* LaunchScreen.storyboard */,
				71F23C6A1EA7FF50007C95B2 /* Info.plist */,
			);
			path = Atlantis;
			sourceTree = "<group>";
		};
		71F23C701EA80C8C007C95B2 /* Model */ = {
			isa = PBXGroup;
			children = (
				71F23C711EA80C9D007C95B2 /* Network Manager.swift */,
				71F23C741EA90B07007C95B2 /* AirportData.swift */,
				7195C34B1EB1E84F003101B3 /* FlightData.swift */,
			);
			name = Model;
			sourceTree = "<group>";
		};
		71F23C731EA90A91007C95B2 /* ViewControllers */ = {
			isa = PBXGroup;
			children = (
				71F23C601EA7FF50007C95B2 /* ViewController.swift */,
				7195C3451EB1B5FA003101B3 /* FindFlightViewController.swift */,
				7195C3471EB1C545003101B3 /* FlightTableViewController.swift */,
				715E93991EB21D1F006B6B4C /* FlightViewController.swift */,
				715E939B1EB228C0006B6B4C /* WebKitViewController.swift */,
			);
			name = ViewControllers;
			sourceTree = "<group>";
		};
		71F23C7A1EA9115B007C95B2 /* Classes */ = {
			isa = PBXGroup;
			children = (
				71F23C761EA90B1F007C95B2 /* Airport.swift */,
				7160ED261EAFF1A800812E58 /* CustomPointAnnotation.swift */,
				7195C3411EB183E6003101B3 /* FlightTableViewCell.swift */,
				7195C3431EB1847A003101B3 /* Flight.swift */,
				7195C34D1EB1F164003101B3 /* FlightSpecs.swift */,
				7195C34F1EB1FEA6003101B3 /* Layover.swift */,
			);
			name = Classes;
			sourceTree = "<group>";
		};
/* End PBXGroup section */

/* Begin PBXNativeTarget section */
		71F23C5A1EA7FF50007C95B2 /* Atlantis */ = {
			isa = PBXNativeTarget;
			buildConfigurationList = 71F23C6D1EA7FF50007C95B2 /* Build configuration list for PBXNativeTarget "Atlantis" */;
			buildPhases = (
				71F23C571EA7FF50007C95B2 /* Sources */,
				71F23C581EA7FF50007C95B2 /* Frameworks */,
				71F23C591EA7FF50007C95B2 /* Resources */,
			);
			buildRules = (
			);
			dependencies = (
			);
			name = Atlantis;
			productName = Atlantis;
			productReference = 71F23C5B1EA7FF50007C95B2 /* Atlantis.app */;
			productType = "com.apple.product-type.application";
		};
/* End PBXNativeTarget section */

/* Begin PBXProject section */
		71F23C531EA7FF50007C95B2 /* Project object */ = {
			isa = PBXProject;
			attributes = {
				LastSwiftUpdateCheck = 0810;
				LastUpgradeCheck = 0810;
				ORGANIZATIONNAME = "Drew Boyette";
				TargetAttributes = {
					71F23C5A1EA7FF50007C95B2 = {
						CreatedOnToolsVersion = 8.1;
						DevelopmentTeam = U5UAME8YTW;
						ProvisioningStyle = Automatic;
					};
				};
			};
			buildConfigurationList = 71F23C561EA7FF50007C95B2 /* Build configuration list for PBXProject "Atlantis" */;
			compatibilityVersion = "Xcode 3.2";
			developmentRegion = English;
			hasScannedForEncodings = 0;
			knownRegions = (
				en,
				Base,
			);
			mainGroup = 71F23C521EA7FF50007C95B2;
			productRefGroup = 71F23C5C1EA7FF50007C95B2 /* Products */;
			projectDirPath = "";
			projectRoot = "";
			targets = (
				71F23C5A1EA7FF50007C95B2 /* Atlantis */,
			);
		};
/* End PBXProject section */

/* Begin PBXResourcesBuildPhase section */
		71F23C591EA7FF50007C95B2 /* Resources */ = {
			isa = PBXResourcesBuildPhase;
			buildActionMask = 2147483647;
			files = (
				71F23C691EA7FF50007C95B2 /* LaunchScreen.storyboard in Resources */,
				71F23C661EA7FF50007C95B2 /* Assets.xcassets in Resources */,
				71F23C641EA7FF50007C95B2 /* Main.storyboard in Resources */,
			);
			runOnlyForDeploymentPostprocessing = 0;
		};
/* End PBXResourcesBuildPhase section */

/* Begin PBXSourcesBuildPhase section */
		71F23C571EA7FF50007C95B2 /* Sources */ = {
			isa = PBXSourcesBuildPhase;
			buildActionMask = 2147483647;
			files = (
				7195C34E1EB1F164003101B3 /* FlightSpecs.swift in Sources */,
				7195C3501EB1FEA6003101B3 /* Layover.swift in Sources */,
				7195C3421EB183E6003101B3 /* FlightTableViewCell.swift in Sources */,
				7195C3481EB1C545003101B3 /* FlightTableViewController.swift in Sources */,
				7195C34C1EB1E84F003101B3 /* FlightData.swift in Sources */,
				71F23C771EA90B1F007C95B2 /* Airport.swift in Sources */,
				71F23C611EA7FF50007C95B2 /* ViewController.swift in Sources */,
				7195C3461EB1B5FA003101B3 /* FindFlightViewController.swift in Sources */,
				715E939C1EB228C0006B6B4C /* WebKitViewController.swift in Sources */,
				715E939A1EB21D1F006B6B4C /* FlightViewController.swift in Sources */,
				71F23C5F1EA7FF50007C95B2 /* AppDelegate.swift in Sources */,
				71F23C721EA80C9D007C95B2 /* Network Manager.swift in Sources */,
				7195C3441EB1847A003101B3 /* Flight.swift in Sources */,
				7160ED271EAFF1A800812E58 /* CustomPointAnnotation.swift in Sources */,
				71F23C751EA90B07007C95B2 /* AirportData.swift in Sources */,
			);
			runOnlyForDeploymentPostprocessing = 0;
		};
/* End PBXSourcesBuildPhase section */

/* Begin PBXVariantGroup section */
		71F23C621EA7FF50007C95B2 /* Main.storyboard */ = {
			isa = PBXVariantGroup;
			children = (
				71F23C631EA7FF50007C95B2 /* Base */,
			);
			name = Main.storyboard;
			sourceTree = "<group>";
		};
		71F23C671EA7FF50007C95B2 /* LaunchScreen.storyboard */ = {
			isa = PBXVariantGroup;
			children = (
				71F23C681EA7FF50007C95B2 /* Base */,
			);
			name = LaunchScreen.storyboard;
			sourceTree = "<group>";
		};
/* End PBXVariantGroup section */

/* Begin XCBuildConfiguration section */
		71F23C6B1EA7FF50007C95B2 /* Debug */ = {
			isa = XCBuildConfiguration;
			buildSettings = {
				ALWAYS_SEARCH_USER_PATHS = NO;
				CLANG_ANALYZER_NONNULL = YES;
				CLANG_CXX_LANGUAGE_STANDARD = "gnu++0x";
				CLANG_CXX_LIBRARY = "libc++";
				CLANG_ENABLE_MODULES = YES;
				CLANG_ENABLE_OBJC_ARC = YES;
				CLANG_WARN_BOOL_CONVERSION = YES;
				CLANG_WARN_CONSTANT_CONVERSION = YES;
				CLANG_WARN_DIRECT_OBJC_ISA_USAGE = YES_ERROR;
				CLANG_WARN_DOCUMENTATION_COMMENTS = YES;
				CLANG_WARN_EMPTY_BODY = YES;
				CLANG_WARN_ENUM_CONVERSION = YES;
				CLANG_WARN_INFINITE_RECURSION = YES;
				CLANG_WARN_INT_CONVERSION = YES;
				CLANG_WARN_OBJC_ROOT_CLASS = YES_ERROR;
				CLANG_WARN_SUSPICIOUS_MOVES = YES;
				CLANG_WARN_UNREACHABLE_CODE = YES;
				CLANG_WARN__DUPLICATE_METHOD_MATCH = YES;
				"CODE_SIGN_IDENTITY[sdk=iphoneos*]" = "iPhone Developer";
				COPY_PHASE_STRIP = NO;
				DEBUG_INFORMATION_FORMAT = dwarf;
				ENABLE_STRICT_OBJC_MSGSEND = YES;
				ENABLE_TESTABILITY = YES;
				GCC_C_LANGUAGE_STANDARD = gnu99;
				GCC_DYNAMIC_NO_PIC = NO;
				GCC_NO_COMMON_BLOCKS = YES;
				GCC_OPTIMIZATION_LEVEL = 0;
				GCC_PREPROCESSOR_DEFINITIONS = (
					"DEBUG=1",
					"$(inherited)",
				);
				GCC_WARN_64_TO_32_BIT_CONVERSION = YES;
				GCC_WARN_ABOUT_RETURN_TYPE = YES_ERROR;
				GCC_WARN_UNDECLARED_SELECTOR = YES;
				GCC_WARN_UNINITIALIZED_AUTOS = YES_AGGRESSIVE;
				GCC_WARN_UNUSED_FUNCTION = YES;
				GCC_WARN_UNUSED_VARIABLE = YES;
				IPHONEOS_DEPLOYMENT_TARGET = 10.1;
				MTL_ENABLE_DEBUG_INFO = YES;
				ONLY_ACTIVE_ARCH = YES;
				SDKROOT = iphoneos;
				SWIFT_ACTIVE_COMPILATION_CONDITIONS = DEBUG;
				SWIFT_OPTIMIZATION_LEVEL = "-Onone";
				TARGETED_DEVICE_FAMILY = "1,2";
			};
			name = Debug;
		};
		71F23C6C1EA7FF50007C95B2 /* Release */ = {
			isa = XCBuildConfiguration;
			buildSettings = {
				ALWAYS_SEARCH_USER_PATHS = NO;
				CLANG_ANALYZER_NONNULL = YES;
				CLANG_CXX_LANGUAGE_STANDARD = "gnu++0x";
				CLANG_CXX_LIBRARY = "libc++";
				CLANG_ENABLE_MODULES = YES;
				CLANG_ENABLE_OBJC_ARC = YES;
				CLANG_WARN_BOOL_CONVERSION = YES;
				CLANG_WARN_CONSTANT_CONVERSION = YES;
				CLANG_WARN_DIRECT_OBJC_ISA_USAGE = YES_ERROR;
				CLANG_WARN_DOCUMENTATION_COMMENTS = YES;
				CLANG_WARN_EMPTY_BODY = YES;
				CLANG_WARN_ENUM_CONVERSION = YES;
				CLANG_WARN_INFINITE_RECURSION = YES;
				CLANG_WARN_INT_CONVERSION = YES;
				CLANG_WARN_OBJC_ROOT_CLASS = YES_ERROR;
				CLANG_WARN_SUSPICIOUS_MOVES = YES;
				CLANG_WARN_UNREACHABLE_CODE = YES;
				CLANG_WARN__DUPLICATE_METHOD_MATCH = YES;
				"CODE_SIGN_IDENTITY[sdk=iphoneos*]" = "iPhone Developer";
				COPY_PHASE_STRIP = NO;
				DEBUG_INFORMATION_FORMAT = "dwarf-with-dsym";
				ENABLE_NS_ASSERTIONS = NO;
				ENABLE_STRICT_OBJC_MSGSEND = YES;
				GCC_C_LANGUAGE_STANDARD = gnu99;
				GCC_NO_COMMON_BLOCKS = YES;
				GCC_WARN_64_TO_32_BIT_CONVERSION = YES;
				GCC_WARN_ABOUT_RETURN_TYPE = YES_ERROR;
				GCC_WARN_UNDECLARED_SELECTOR = YES;
				GCC_WARN_UNINITIALIZED_AUTOS = YES_AGGRESSIVE;
				GCC_WARN_UNUSED_FUNCTION = YES;
				GCC_WARN_UNUSED_VARIABLE = YES;
				IPHONEOS_DEPLOYMENT_TARGET = 10.1;
				MTL_ENABLE_DEBUG_INFO = NO;
				SDKROOT = iphoneos;
				SWIFT_OPTIMIZATION_LEVEL = "-Owholemodule";
				TARGETED_DEVICE_FAMILY = "1,2";
				VALIDATE_PRODUCT = YES;
			};
			name = Release;
		};
		71F23C6E1EA7FF50007C95B2 /* Debug */ = {
			isa = XCBuildConfiguration;
			buildSettings = {
				ASSETCATALOG_COMPILER_APPICON_NAME = AppIcon;
				DEVELOPMENT_TEAM = U5UAME8YTW;
				INFOPLIST_FILE = Atlantis/Info.plist;
				IPHONEOS_DEPLOYMENT_TARGET = 10.1;
				LD_RUNPATH_SEARCH_PATHS = "$(inherited) @executable_path/Frameworks";
				PRODUCT_BUNDLE_IDENTIFIER = com.drewboyette.Atlantis;
				PRODUCT_NAME = "$(TARGET_NAME)";
				SWIFT_VERSION = 3.0;
			};
			name = Debug;
		};
		71F23C6F1EA7FF50007C95B2 /* Release */ = {
			isa = XCBuildConfiguration;
			buildSettings = {
				ASSETCATALOG_COMPILER_APPICON_NAME = AppIcon;
				DEVELOPMENT_TEAM = U5UAME8YTW;
				INFOPLIST_FILE = Atlantis/Info.plist;
				IPHONEOS_DEPLOYMENT_TARGET = 10.1;
				LD_RUNPATH_SEARCH_PATHS = "$(inherited) @executable_path/Frameworks";
				PRODUCT_BUNDLE_IDENTIFIER = com.drewboyette.Atlantis;
				PRODUCT_NAME = "$(TARGET_NAME)";
				SWIFT_VERSION = 3.0;
			};
			name = Release;
		};
/* End XCBuildConfiguration section */

/* Begin XCConfigurationList section */
		71F23C561EA7FF50007C95B2 /* Build configuration list for PBXProject "Atlantis" */ = {
			isa = XCConfigurationList;
			buildConfigurations = (
				71F23C6B1EA7FF50007C95B2 /* Debug */,
				71F23C6C1EA7FF50007C95B2 /* Release */,
			);
			defaultConfigurationIsVisible = 0;
			defaultConfigurationName = Release;
		};
		71F23C6D1EA7FF50007C95B2 /* Build configuration list for PBXNativeTarget "Atlantis" */ = {
			isa = XCConfigurationList;
			buildConfigurations = (
				71F23C6E1EA7FF50007C95B2 /* Debug */,
				71F23C6F1EA7FF50007C95B2 /* Release */,
			);
			defaultConfigurationIsVisible = 0;
			defaultConfigurationName = Release;
		};
/* End XCConfigurationList section */
	};
	rootObject = 71F23C531EA7FF50007C95B2 /* Project object */;
}
